{
  "lockfileVersion": 1,
  "workspaces": {
    "": {
      "name": "noodle-server",
      "dependencies": {
        "dotenv": "^16.5.0",
        "lodash": "^4.17.21",
      },
    },
  },
  "packages": {
    "dotenv": ["dotenv@16.5.0", "", {}, "sha512-m/C+AwOAr9/W1UOIZUo232ejMNnJAJtYQjUbHoNTBNTJSvqzzDh7vnrei3o3r3m9blf6ZoDkvcw0VmozNRFJxg=="],

    "lodash": ["lodash@4.17.21", "", {}, "sha512-v2kDEe57lecTulaDIuNTPy3Ry4gLGJ6Z1O3vE1krgXZNrsQ+LFTGHVxVjcXPs17LhbZVGedAJv8XZ1tvj5FvSg=="],
  }
}
